<?xml version="1.0" encoding="utf-8"?>
<Project ToolsVersion="4.0" xmlns="http://schemas.microsoft.com/developer/msbuild/2003">
  <ItemGroup>
    <ClCompile Include="..\main.cpp" />
    <ClCompile Include="flashing.cpp" />
    <ClCompile Include="..\shared\screenshot.cpp">
      <Filter>Shared</Filter>
    </ClCompile>
    <ClCompile Include="..\shared\glshaders.cpp">
      <Filter>Shared</Filter>
    </ClCompile>
  </ItemGroup>
  <ItemGroup>
    <ClInclude Include="..\main.h" />
    <ClInclude Include="resource.h" />
    <ClInclude Include="..\shared\screenshot.h">
      <Filter>Shared</Filter>
    </ClInclude>
    <ClInclude Include="..\shared\glextensions.h">
      <Filter>Shared</Filter>
    </ClInclude>
    <ClInclude Include="..\shared\glshaders.h">
      <Filter>Shared</Filter>
    </ClInclude>
  </ItemGroup>
  <ItemGroup>
    <ResourceCompile Include="flashing.rc" />
  </ItemGroup>
  <ItemGroup>
    <Image Include="icon.ico" />
  </ItemGroup>
  <ItemGroup>
    <Filter Include="Shared">
      <UniqueIdentifier>{a2eeea24-068f-410b-80c0-64b1a67f2cef}</UniqueIdentifier>
    </Filter>
  </ItemGroup>
  <ItemGroup>
    <None Include="flashing.glsl" />
  </ItemGroup>
</Project>